{
  "name": "ton-link-bio-v3",
  "lockfileVersion": 3,
  "requires": true,
  "packages": {
    "": {
      "dependencies": {
        "@telegram-apps/sdk": "^3.11.8",
        "@ton/core": "^0.62.0",
        "@ton/ton": "^16.1.0",
        "@tonconnect/ui-react": "^2.3.1"
      }
    },
    "node_modules/@telegram-apps/bridge": {
      "version": "2.11.0",
      "resolved": "https://registry.npmjs.org/@telegram-apps/bridge/-/bridge-2.11.0.tgz",
      "integrity": "sha512-kBZjWRRp/lxKeQ8r8cDWUY9EjxUtyeh/9xTQjsjuGRsCR5XTO1cyVbvcvqzHn53csGx3aBs+fOR3Pk3b6w2JHg==",
      "deprecated": "This package is not supported anymore. Use @tma.js/bridge instead",
      "dependencies": {
        "@telegram-apps/signals": "^1.1.2",
        "@telegram-apps/toolkit": "^2.1.3",
        "@telegram-apps/transformers": "^2.2.6",
        "@telegram-apps/types": "^2.0.3",
        "better-promises": "^0.4.1",
        "error-kid": "^0.0.7",
        "mitt": "^3.0.1",
        "valibot": "1.0.0"
      }
    },
    "node_modules/@telegram-apps/navigation": {
      "version": "1.0.14",
      "resolved": "https://registry.npmjs.org/@telegram-apps/navigation/-/navigation-1.0.14.tgz",
      "integrity": "sha512-bqNgF/J8Po7ZtsELm3E1a6aPr7awwxO3sIqD8J6u12urOlGoW5+1KxKKbkPa58mgXuQdsltd8apI+OVy0IYiUA=="
    },
    "node_modules/@telegram-apps/sdk": {
      "version": "3.11.8",
      "resolved": "https://registry.npmjs.org/@telegram-apps/sdk/-/sdk-3.11.8.tgz",
      "integrity": "sha512-vlpkYzMJCV9Cadsn9Q+/hbHNR39j5o96N9z4CjZ6AFHkkxOeOqVRrq9zRBw0gmffROkF2bU0WQxhRj8KZ/bPhw==",
      "dependencies": {
        "@telegram-apps/bridge": "^2.11.0",
        "@telegram-apps/navigation": "^1.0.14",
        "@telegram-apps/signals": "^1.1.2",
        "@telegram-apps/toolkit": "^2.1.3",
        "@telegram-apps/transformers": "^2.2.6",
        "@telegram-apps/types": "^2.0.3",
        "better-promises": "^0.4.1",
        "error-kid": "^0.0.7",
        "valibot": "1.0.0"
      }
    },
    "node_modules/@telegram-apps/signals": {
      "version": "1.1.2",
      "resolved": "https://registry.npmjs.org/@telegram-apps/signals/-/signals-1.1.2.tgz",
      "integrity": "sha512-1P1kdCLX7MfETGPxH7f3UZKIsdE7Tz5S7QmN4Km1sbYQMakD5Bi1NecSMR7/wnHp50gWMI1JzENcMtCEmouhSg=="
    },
    "node_modules/@telegram-apps/toolkit": {
      "version": "2.1.3",
      "resolved": "https://registry.npmjs.org/@telegram-apps/toolkit/-/toolkit-2.1.3.tgz",
      "integrity": "sha512-LPUBL7hxQTOr+Dowyk9a1O82nQS4ja4+OYiYWtvqq5nNUHC6Gbbus0zGWCbFcj9CLnIzaeb5HWOg5iSnhoRcyg=="
    },
    "node_modules/@telegram-apps/transformers": {
      "version": "2.2.6",
      "resolved": "https://registry.npmjs.org/@telegram-apps/transformers/-/transformers-2.2.6.tgz",
      "integrity": "sha512-MMBRs3demeBT9Cd614KKZmak7eEyNdEbfu99a0SwEEJe2oIODjJLrUxrhUcAOc5wvTRfrKka27VXVgruauLhdg==",
      "deprecated": "This package is not supported anymore. Use @tma.js/transfomers instead",
      "dependencies": {
        "@telegram-apps/toolkit": "^2.1.3",
        "@telegram-apps/types": "^2.0.3",
        "valibot": "1.0.0-beta.14"
      }
    },
    "node_modules/@telegram-apps/transformers/node_modules/valibot": {
      "version": "1.0.0-beta.14",
      "resolved": "https://registry.npmjs.org/valibot/-/valibot-1.0.0-beta.14.tgz",
      "integrity": "sha512-tLyV2rE5QL6U29MFy3xt4AqMrn+/HErcp2ZThASnQvPMwfSozjV1uBGKIGiegtZIGjinJqn0SlBdannf18wENA==",
      "peerDependencies": {
        "typescript": ">=5"
      },
      "peerDependenciesMeta": {
        "typescript": {
          "optional": true
        }
      }
    },
    "node_modules/@telegram-apps/types": {
      "version": "2.0.3",
      "resolved": "https://registry.npmjs.org/@telegram-apps/types/-/types-2.0.3.tgz",
      "integrity": "sha512-pXh9BdnLZF3e2BGc4WL+RTRMAUpqKpaSP3Rs8rB4WyRwIoRSGWFKE4gtT/9m42LGixB8YVwdo/pJ+9XO765XEA==",
      "deprecated": "This package is not supported anymore. Use @tma.js/types instead"
    },
    "node_modules/@ton/core": {
      "version": "0.62.0",
      "resolved": "https://registry.npmjs.org/@ton/core/-/core-0.62.0.tgz",
      "integrity": "sha512-GCYlzzx11rSESKkiHvNy9tL8zWth+ZtUbvV29WH478FvBp8xTw24AyoigwXWNV+OLCAcnwlGhZpTpxjD3wzCwA==",
      "dependencies": {
        "symbol.inspect": "1.0.1"
      },
      "peerDependencies": {
        "@ton/crypto": ">=3.2.0"
      }
    },
    "node_modules/@ton/crypto": {
      "version": "3.3.0",
      "resolved": "https://registry.npmjs.org/@ton/crypto/-/crypto-3.3.0.tgz",
      "integrity": "sha512-/A6CYGgA/H36OZ9BbTaGerKtzWp50rg67ZCH2oIjV1NcrBaCK9Z343M+CxedvM7Haf3f/Ee9EhxyeTp0GKMUpA==",
      "peer": true,
      "dependencies": {
        "@ton/crypto-primitives": "2.1.0",
        "jssha": "3.2.0",
        "tweetnacl": "1.0.3"
      }
    },
    "node_modules/@ton/crypto-primitives": {
      "version": "2.1.0",
      "resolved": "https://registry.npmjs.org/@ton/crypto-primitives/-/crypto-primitives-2.1.0.tgz",
      "integrity": "sha512-PQesoyPgqyI6vzYtCXw4/ZzevePc4VGcJtFwf08v10OevVJHVfW238KBdpj1kEDQkxWLeuNHEpTECNFKnP6tow==",
      "peer": true,
      "dependencies": {
        "jssha": "3.2.0"
      }
    },
    "node_modules/@ton/ton": {
      "version": "16.1.0",
      "resolved": "https://registry.npmjs.org/@ton/ton/-/ton-16.1.0.tgz",
      "integrity": "sha512-vRlMZVJ0/JABFDTFInyLh3C4LRP6AF3VtOl2iwCEcPfqRxdPcHW4r+bJLkKvo5fCknaGS8CEVdBeu6ziXHv2Ig==",
      "dependencies": {
        "axios": "^1.6.7",
        "dataloader": "^2.0.0",
        "symbol.inspect": "1.0.1",
        "teslabot": "^1.3.0",
        "zod": "^3.21.4"
      },
      "peerDependencies": {
        "@ton/core": ">=0.62.0 <1.0.0",
        "@ton/crypto": ">=3.2.0"
      }
    },
    "node_modules/@tonconnect/isomorphic-eventsource": {
      "version": "0.0.2",
      "resolved": "https://registry.npmjs.org/@tonconnect/isomorphic-eventsource/-/isomorphic-eventsource-0.0.2.tgz",
      "integrity": "sha512-B4UoIjPi0QkvIzZH5fV3BQLWrqSYABdrzZQSI9sJA9aA+iC0ohOzFwVVGXanlxeDAy1bcvPbb29f6sVUk0UnnQ==",
      "dependencies": {
        "eventsource": "^2.0.2"
      }
    },
    "node_modules/@tonconnect/isomorphic-fetch": {
      "version": "0.0.3",
      "resolved": "https://registry.npmjs.org/@tonconnect/isomorphic-fetch/-/isomorphic-fetch-0.0.3.tgz",
      "integrity": "sha512-jIg5nTrDwnite4fXao3dD83eCpTvInTjZon/rZZrIftIegh4XxyVb5G2mpMqXrVGk1e8SVXm3Kj5OtfMplQs0w==",
      "dependencies": {
        "node-fetch": "^2.6.9"
      }
    },
    "node_modules/@tonconnect/protocol": {
      "version": "2.3.0",
      "resolved": "https://registry.npmjs.org/@tonconnect/protocol/-/protocol-2.3.0.tgz",
      "integrity": "sha512-OxrmcXF/EsSdGeASP9VpTRojuMtTV87DKYFLRq4ZJvF/Hirfm2cgcxzzj2uksEGm5IIR010UWo6b38RuokNwFQ==",
      "dependencies": {
        "tweetnacl": "^1.0.3",
        "tweetnacl-util": "^0.15.1"
      }
    },
    "node_modules/@tonconnect/sdk": {
      "version": "3.3.1",
      "resolved": "https://registry.npmjs.org/@tonconnect/sdk/-/sdk-3.3.1.tgz",
      "integrity": "sha512-lhXJu95VvbD36u5mMPg2sg+w4GQwkrYnHeJ8rVveu2N7UPwt0jvrEqKlvf7Ss1gh5RDtzs35SS3GbJlaIOAJNA==",
      "dependencies": {
        "@tonconnect/isomorphic-eventsource": "0.0.2",
        "@tonconnect/isomorphic-fetch": "0.0.3",
        "@tonconnect/protocol": "2.3.0"
      }
    },
    "node_modules/@tonconnect/ui": {
      "version": "2.3.1",
      "resolved": "https://registry.npmjs.org/@tonconnect/ui/-/ui-2.3.1.tgz",
      "integrity": "sha512-G1hKn5TrqFYztbR94EG8YuhGUpp7wY8PjC1Fu7/d8rFg7XnPGlUcGmuqH8+2lYrb9Ms0M7v6+5U6S4q4+yCQtQ==",
      "dependencies": {
        "@tonconnect/sdk": "3.3.1",
        "classnames": "^2.5.1",
        "csstype": "^3.1.3",
        "deepmerge": "^4.3.1",
        "ua-parser-js": "^1.0.35"
      }
    },
    "node_modules/@tonconnect/ui-react": {
      "version": "2.3.1",
      "resolved": "https://registry.npmjs.org/@tonconnect/ui-react/-/ui-react-2.3.1.tgz",
      "integrity": "sha512-dAMqNG5X8Llh1m3eIOvIQlXgMazrZrmnQGefJmlmyghwwGydR0O9NGpW7I7s2CN24usAaRGX8mVJPemsa2oHSQ==",
      "dependencies": {
        "@tonconnect/ui": "2.3.1"
      },
      "peerDependencies": {
        "react": ">=17.0.0",
        "react-dom": ">=17.0.0"
      }
    },
    "node_modules/asynckit": {
      "version": "0.4.0",
      "resolved": "https://registry.npmjs.org/asynckit/-/asynckit-0.4.0.tgz",
      "integrity": "sha512-Oei9OH4tRh0YqU3GxhX79dM/mwVgvbZJaSNaRk+bshkj0S5cfHcgYakreBjrHwatXKbz+IoIdYLxrKim2MjW0Q=="
    },
    "node_modules/axios": {
      "version": "1.13.2",
      "resolved": "https://registry.npmjs.org/axios/-/axios-1.13.2.tgz",
      "integrity": "sha512-VPk9ebNqPcy5lRGuSlKx752IlDatOjT9paPlm8A7yOuW2Fbvp4X3JznJtT4f0GzGLLiWE9W8onz51SqLYwzGaA==",
      "dependencies": {
        "follow-redirects": "^1.15.6",
        "form-data": "^4.0.4",
        "proxy-from-env": "^1.1.0"
      }
    },
    "node_modules/better-promises": {
      "version": "0.4.1",
      "resolved": "https://registry.npmjs.org/better-promises/-/better-promises-0.4.1.tgz",
      "integrity": "sha512-cDW7eMvhvCoWzSih5o/OxsAgTUfP05yGMq77xNZUTmcZoNU9vEeFZJ+yJJi4lnocvxFrVFKsG0Yxt7ZnuYJEig==",
      "dependencies": {
        "error-kid": "^0.0.7"
      }
    },
    "node_modules/call-bind-apply-helpers": {
      "version": "1.0.2",
      "resolved": "https://registry.npmjs.org/call-bind-apply-helpers/-/call-bind-apply-helpers-1.0.2.tgz",
      "integrity": "sha512-Sp1ablJ0ivDkSzjcaJdxEunN5/XvksFJ2sMBFfq6x0ryhQV/2b/KwFe21cMpmHtPOSij8K99/wSfoEuTObmuMQ==",
      "dependencies": {
        "es-errors": "^1.3.0",
        "function-bind": "^1.1.2"
      },
      "engines": {
        "node": ">= 0.4"
      }
    },
    "node_modules/classnames": {
      "version": "2.5.1",
      "resolved": "https://registry.npmjs.org/classnames/-/classnames-2.5.1.tgz",
      "integrity": "sha512-saHYOzhIQs6wy2sVxTM6bUDsQO4F50V9RQ22qBpEdCW+I+/Wmke2HOl6lS6dTpdxVhb88/I6+Hs+438c3lfUow=="
    },
    "node_modules/combined-stream": {
      "version": "1.0.8",
      "resolved": "https://registry.npmjs.org/combined-stream/-/combined-stream-1.0.8.tgz",
      "integrity": "sha512-FQN4MRfuJeHf7cBbBMJFXhKSDq+2kAArBlmRBvcvFE5BB1HZKXtSFASDhdlz9zOYwxh8lDdnvmMOe/+5cdoEdg==",
      "dependencies": {
        "delayed-stream": "~1.0.0"
      },
      "engines": {
        "node": ">= 0.8"
      }
    },
    "node_modules/csstype": {
      "version": "3.2.3",
      "resolved": "https://registry.npmjs.org/csstype/-/csstype-3.2.3.tgz",
      "integrity": "sha512-z1HGKcYy2xA8AGQfwrn0PAy+PB7X/GSj3UVJW9qKyn43xWa+gl5nXmU4qqLMRzWVLFC8KusUX8T/0kCiOYpAIQ=="
    },
    "node_modules/dataloader": {
      "version": "2.2.3",
      "resolved": "https://registry.npmjs.org/dataloader/-/dataloader-2.2.3.tgz",
      "integrity": "sha512-y2krtASINtPFS1rSDjacrFgn1dcUuoREVabwlOGOe4SdxenREqwjwjElAdwvbGM7kgZz9a3KVicWR7vcz8rnzA=="
    },
    "node_modules/deepmerge": {
      "version": "4.3.1",
      "resolved": "https://registry.npmjs.org/deepmerge/-/deepmerge-4.3.1.tgz",
      "integrity": "sha512-3sUqbMEc77XqpdNO7FRyRog+eW3ph+GYCbj+rK+uYyRMuwsVy0rMiVtPn+QJlKFvWP/1PYpapqYn0Me2knFn+A==",
      "engines": {
        "node": ">=0.10.0"
      }
    },
    "node_modules/delayed-stream": {
      "version": "1.0.0",
      "resolved": "https://registry.npmjs.org/delayed-stream/-/delayed-stream-1.0.0.tgz",
      "integrity": "sha512-ZySD7Nf91aLB0RxL4KGrKHBXl7Eds1DAmEdcoVawXnLD7SDhpNgtuII2aAkg7a7QS41jxPSZ17p4VdGnMHk3MQ==",
      "engines": {
        "node": ">=0.4.0"
      }
    },
    "node_modules/dunder-proto": {
      "version": "1.0.1",
      "resolved": "https://registry.npmjs.org/dunder-proto/-/dunder-proto-1.0.1.tgz",
      "integrity": "sha512-KIN/nDJBQRcXw0MLVhZE9iQHmG68qAVIBg9CqmUYjmQIhgij9U5MFvrqkUL5FbtyyzZuOeOt0zdeRe4UY7ct+A==",
      "dependencies": {
        "call-bind-apply-helpers": "^1.0.1",
        "es-errors": "^1.3.0",
        "gopd": "^1.2.0"
      },
      "engines": {
        "node": ">= 0.4"
      }
    },
    "node_modules/error-kid": {
      "version": "0.0.7",
      "resolved": "https://registry.npmjs.org/error-kid/-/error-kid-0.0.7.tgz",
      "integrity": "sha512-8mFs7ZaDWlBFgjOy4lHLMCe2+KZfZXGx5GOgh2VQ/M1CCIvSWzbl2OMl+5fdZgrgoUfhTeF+NPhmqfEvUhN8yw=="
    },
    "node_modules/es-define-property": {
      "version": "1.0.1",
      "resolved": "https://registry.npmjs.org/es-define-property/-/es-define-property-1.0.1.tgz",
      "integrity": "sha512-e3nRfgfUZ4rNGL232gUgX06QNyyez04KdjFrF+LTRoOXmrOgFKDg4BCdsjW8EnT69eqdYGmRpJwiPVYNrCaW3g==",
      "engines": {
        "node": ">= 0.4"
      }
    },
    "node_modules/es-errors": {
      "version": "1.3.0",
      "resolved": "https://registry.npmjs.org/es-errors/-/es-errors-1.3.0.tgz",
      "integrity": "sha512-Zf5H2Kxt2xjTvbJvP2ZWLEICxA6j+hAmMzIlypy4xcBg1vKVnx89Wy0GbS+kf5cwCVFFzdCFh2XSCFNULS6csw==",
      "engines": {
        "node": ">= 0.4"
      }
    },
    "node_modules/es-object-atoms": {
      "version": "1.1.1",
      "resolved": "https://registry.npmjs.org/es-object-atoms/-/es-object-atoms-1.1.1.tgz",
      "integrity": "sha512-FGgH2h8zKNim9ljj7dankFPcICIK9Cp5bm+c2gQSYePhpaG5+esrLODihIorn+Pe6FGJzWhXQotPv73jTaldXA==",
      "dependencies": {
        "es-errors": "^1.3.0"
      },
      "engines": {
        "node": ">= 0.4"
      }
    },
    "node_modules/es-set-tostringtag": {
      "version": "2.1.0",
      "resolved": "https://registry.npmjs.org/es-set-tostringtag/-/es-set-tostringtag-2.1.0.tgz",
      "integrity": "sha512-j6vWzfrGVfyXxge+O0x5sh6cvxAog0a/4Rdd2K36zCMV5eJ+/+tOAngRO8cODMNWbVRdVlmGZQL2YS3yR8bIUA==",
      "dependencies": {
        "es-errors": "^1.3.0",
        "get-intrinsic": "^1.2.6",
        "has-tostringtag": "^1.0.2",
        "hasown": "^2.0.2"
      },
      "engines": {
        "node": ">= 0.4"
      }
    },
    "node_modules/eventsource": {
      "version": "2.0.2",
      "resolved": "https://registry.npmjs.org/eventsource/-/eventsource-2.0.2.tgz",
      "integrity": "sha512-IzUmBGPR3+oUG9dUeXynyNmf91/3zUSJg1lCktzKw47OXuhco54U3r9B7O4XX+Rb1Itm9OZ2b0RkTs10bICOxA==",
      "engines": {
        "node": ">=12.0.0"
      }
    },
    "node_modules/follow-redirects": {
      "version": "1.15.11",
      "resolved": "https://registry.npmjs.org/follow-redirects/-/follow-redirects-1.15.11.tgz",
      "integrity": "sha512-deG2P0JfjrTxl50XGCDyfI97ZGVCxIpfKYmfyrQ54n5FO/0gfIES8C/Psl6kWVDolizcaaxZJnTS0QSMxvnsBQ==",
      "funding": [
        {
          "type": "individual",
          "url": "https://github.com/sponsors/RubenVerborgh"
        }
      ],
      "engines": {
        "node": ">=4.0"
      },
      "peerDependenciesMeta": {
        "debug": {
          "optional": true
        }
      }
    },
    "node_modules/form-data": {
      "version": "4.0.5",
      "resolved": "https://registry.npmjs.org/form-data/-/form-data-4.0.5.tgz",
      "integrity": "sha512-8RipRLol37bNs2bhoV67fiTEvdTrbMUYcFTiy3+wuuOnUog2QBHCZWXDRijWQfAkhBj2Uf5UnVaiWwA5vdd82w==",
      "dependencies": {
        "asynckit": "^0.4.0",
        "combined-stream": "^1.0.8",
        "es-set-tostringtag": "^2.1.0",
        "hasown": "^2.0.2",
        "mime-types": "^2.1.12"
      },
      "engines": {
        "node": ">= 6"
      }
    },
    "node_modules/function-bind": {
      "version": "1.1.2",
      "resolved": "https://registry.npmjs.org/function-bind/-/function-bind-1.1.2.tgz",
      "integrity": "sha512-7XHNxH7qX9xG5mIwxkhumTox/MIRNcOgDrxWsMt2pAr23WHp6MrRlN7FBSFpCpr+oVO0F744iUgR82nJMfG2SA==",
      "funding": {
        "url": "https://github.com/sponsors/ljharb"
      }
    },
    "node_modules/get-intrinsic": {
      "version": "1.3.0",
      "resolved": "https://registry.npmjs.org/get-intrinsic/-/get-intrinsic-1.3.0.tgz",
      "integrity": "sha512-9fSjSaos/fRIVIp+xSJlE6lfwhES7LNtKaCBIamHsjr2na1BiABJPo0mOjjz8GJDURarmCPGqaiVg5mfjb98CQ==",
      "dependencies": {
        "call-bind-apply-helpers": "^1.0.2",
        "es-define-property": "^1.0.1",
        "es-errors": "^1.3.0",
        "es-object-atoms": "^1.1.1",
        "function-bind": "^1.1.2",
        "get-proto": "^1.0.1",
        "gopd": "^1.2.0",
        "has-symbols": "^1.1.0",
        "hasown": "^2.0.2",
        "math-intrinsics": "^1.1.0"
      },
      "engines": {
        "node": ">= 0.4"
      },
      "funding": {
        "url": "https://github.com/sponsors/ljharb"
      }
    },
    "node_modules/get-proto": {
      "version": "1.0.1",
      "resolved": "https://registry.npmjs.org/get-proto/-/get-proto-1.0.1.tgz",
      "integrity": "sha512-sTSfBjoXBp89JvIKIefqw7U2CCebsc74kiY6awiGogKtoSGbgjYE/G/+l9sF3MWFPNc9IcoOC4ODfKHfxFmp0g==",
      "dependencies": {
        "dunder-proto": "^1.0.1",
        "es-object-atoms": "^1.0.0"
      },
      "engines": {
        "node": ">= 0.4"
      }
    },
    "node_modules/gopd": {
      "version": "1.2.0",
      "resolved": "https://registry.npmjs.org/gopd/-/gopd-1.2.0.tgz",
      "integrity": "sha512-ZUKRh6/kUFoAiTAtTYPZJ3hw9wNxx+BIBOijnlG9PnrJsCcSjs1wyyD6vJpaYtgnzDrKYRSqf3OO6Rfa93xsRg==",
      "engines": {
        "node": ">= 0.4"
      },
      "funding": {
        "url": "https://github.com/sponsors/ljharb"
      }
    },
    "node_modules/has-symbols": {
      "version": "1.1.0",
      "resolved": "https://registry.npmjs.org/has-symbols/-/has-symbols-1.1.0.tgz",
      "integrity": "sha512-1cDNdwJ2Jaohmb3sg4OmKaMBwuC48sYni5HUw2DvsC8LjGTLK9h+eb1X6RyuOHe4hT0ULCW68iomhjUoKUqlPQ==",
      "engines": {
        "node": ">= 0.4"
      },
      "funding": {
        "url": "https://github.com/sponsors/ljharb"
      }
    },
    "node_modules/has-tostringtag": {
      "version": "1.0.2",
      "resolved": "https://registry.npmjs.org/has-tostringtag/-/has-tostringtag-1.0.2.tgz",
      "integrity": "sha512-NqADB8VjPFLM2V0VvHUewwwsw0ZWBaIdgo+ieHtK3hasLz4qeCRjYcqfB6AQrBggRKppKF8L52/VqdVsO47Dlw==",
      "dependencies": {
        "has-symbols": "^1.0.3"
      },
      "engines": {
        "node": ">= 0.4"
      },
      "funding": {
        "url": "https://github.com/sponsors/ljharb"
      }
    },
    "node_modules/hasown": {
      "version": "2.0.2",
      "resolved": "https://registry.npmjs.org/hasown/-/hasown-2.0.2.tgz",
      "integrity": "sha512-0hJU9SCPvmMzIBdZFqNPXWa6dqh7WdH0cII9y+CyS8rG3nL48Bclra9HmKhVVUHyPWNH5Y7xDwAB7bfgSjkUMQ==",
      "dependencies": {
        "function-bind": "^1.1.2"
      },
      "engines": {
        "node": ">= 0.4"
      }
    },
    "node_modules/jssha": {
      "version": "3.2.0",
      "resolved": "https://registry.npmjs.org/jssha/-/jssha-3.2.0.tgz",
      "integrity": "sha512-QuruyBENDWdN4tZwJbQq7/eAK85FqrI4oDbXjy5IBhYD+2pTJyBUWZe8ctWaCkrV0gy6AaelgOZZBMeswEa/6Q==",
      "peer": true,
      "engines": {
        "node": "*"
      }
    },
    "node_modules/math-intrinsics": {
      "version": "1.1.0",
      "resolved": "https://registry.npmjs.org/math-intrinsics/-/math-intrinsics-1.1.0.tgz",
      "integrity": "sha512-/IXtbwEk5HTPyEwyKX6hGkYXxM9nbj64B+ilVJnC/R6B0pH5G4V3b0pVbL7DBj4tkhBAppbQUlf6F6Xl9LHu1g==",
      "engines": {
        "node": ">= 0.4"
      }
    },
    "node_modules/mime-db": {
      "version": "1.52.0",
      "resolved": "https://registry.npmjs.org/mime-db/-/mime-db-1.52.0.tgz",
      "integrity": "sha512-sPU4uV7dYlvtWJxwwxHD0PuihVNiE7TyAbQ5SWxDCB9mUYvOgroQOwYQQOKPJ8CIbE+1ETVlOoK1UC2nU3gYvg==",
      "engines": {
        "node": ">= 0.6"
      }
    },
    "node_modules/mime-types": {
      "version": "2.1.35",
      "resolved": "https://registry.npmjs.org/mime-types/-/mime-types-2.1.35.tgz",
      "integrity": "sha512-ZDY+bPm5zTTF+YpCrAU9nK0UgICYPT0QtT1NZWFv4s++TNkcgVaT0g6+4R2uI4MjQjzysHB1zxuWL50hzaeXiw==",
      "dependencies": {
        "mime-db": "1.52.0"
      },
      "engines": {
        "node": ">= 0.6"
      }
    },
    "node_modules/mitt": {
      "version": "3.0.1",
      "resolved": "https://registry.npmjs.org/mitt/-/mitt-3.0.1.tgz",
      "integrity": "sha512-vKivATfr97l2/QBCYAkXYDbrIWPM2IIKEl7YPhjCvKlG3kE2gm+uBo6nEXK3M5/Ffh/FLpKExzOQ3JJoJGFKBw=="
    },
    "node_modules/node-fetch": {
      "version": "2.7.0",
      "resolved": "https://registry.npmjs.org/node-fetch/-/node-fetch-2.7.0.tgz",
      "integrity": "sha512-c4FRfUm/dbcWZ7U+1Wq0AwCyFL+3nt2bEw05wfxSz+DWpWsitgmSgYmy2dQdWyKC1694ELPqMs/YzUSNozLt8A==",
      "dependencies": {
        "whatwg-url": "^5.0.0"
      },
      "engines": {
        "node": "4.x || >=6.0.0"
      },
      "peerDependencies": {
        "encoding": "^0.1.0"
      },
      "peerDependenciesMeta": {
        "encoding": {
          "optional": true
        }
      }
    },
    "node_modules/proxy-from-env": {
      "version": "1.1.0",
      "resolved": "https://registry.npmjs.org/proxy-from-env/-/proxy-from-env-1.1.0.tgz",
      "integrity": "sha512-D+zkORCbA9f1tdWRK0RaCR3GPv50cMxcrz4X8k5LTSUD1Dkw47mKJEZQNunItRTkWwgtaUSo1RVFRIG9ZXiFYg=="
    },
    "node_modules/react": {
      "version": "19.2.1",
      "resolved": "https://registry.npmjs.org/react/-/react-19.2.1.tgz",
      "integrity": "sha512-DGrYcCWK7tvYMnWh79yrPHt+vdx9tY+1gPZa7nJQtO/p8bLTDaHp4dzwEhQB7pZ4Xe3ok4XKuEPrVuc+wlpkmw==",
      "peer": true,
      "engines": {
        "node": ">=0.10.0"
      }
    },
    "node_modules/react-dom": {
      "version": "19.2.1",
      "resolved": "https://registry.npmjs.org/react-dom/-/react-dom-19.2.1.tgz",
      "integrity": "sha512-ibrK8llX2a4eOskq1mXKu/TGZj9qzomO+sNfO98M6d9zIPOEhlBkMkBUBLd1vgS0gQsLDBzA+8jJBVXDnfHmJg==",
      "peer": true,
      "dependencies": {
        "scheduler": "^0.27.0"
      },
      "peerDependencies": {
        "react": "^19.2.1"
      }
    },
    "node_modules/scheduler": {
      "version": "0.27.0",
      "resolved": "https://registry.npmjs.org/scheduler/-/scheduler-0.27.0.tgz",
      "integrity": "sha512-eNv+WrVbKu1f3vbYJT/xtiF5syA5HPIMtf9IgY/nKg0sWqzAUEvqY/xm7OcZc/qafLx/iO9FgOmeSAp4v5ti/Q==",
      "peer": true
    },
    "node_modules/symbol.inspect": {
      "version": "1.0.1",
      "resolved": "https://registry.npmjs.org/symbol.inspect/-/symbol.inspect-1.0.1.tgz",
      "integrity": "sha512-YQSL4duoHmLhsTD1Pw8RW6TZ5MaTX5rXJnqacJottr2P2LZBF/Yvrc3ku4NUpMOm8aM0KOCqM+UAkMA5HWQCzQ=="
    },
    "node_modules/teslabot": {
      "version": "1.5.0",
      "resolved": "https://registry.npmjs.org/teslabot/-/teslabot-1.5.0.tgz",
      "integrity": "sha512-e2MmELhCgrgZEGo7PQu/6bmYG36IDH+YrBI1iGm6jovXkeDIGa3pZ2WSqRjzkuw2vt1EqfkZoV5GpXgqL8QJVg=="
    },
    "node_modules/tr46": {
      "version": "0.0.3",
      "resolved": "https://registry.npmjs.org/tr46/-/tr46-0.0.3.tgz",
      "integrity": "sha512-N3WMsuqV66lT30CrXNbEjx4GEwlow3v6rr4mCcv6prnfwhS01rkgyFdjPNBYd9br7LpXV1+Emh01fHnq2Gdgrw=="
    },
    "node_modules/tweetnacl": {
      "version": "1.0.3",
      "resolved": "https://registry.npmjs.org/tweetnacl/-/tweetnacl-1.0.3.tgz",
      "integrity": "sha512-6rt+RN7aOi1nGMyC4Xa5DdYiukl2UWCbcJft7YhxReBGQD7OAM8Pbxw6YMo4r2diNEA8FEmu32YOn9rhaiE5yw=="
    },
    "node_modules/tweetnacl-util": {
      "version": "0.15.1",
      "resolved": "https://registry.npmjs.org/tweetnacl-util/-/tweetnacl-util-0.15.1.tgz",
      "integrity": "sha512-RKJBIj8lySrShN4w6i/BonWp2Z/uxwC3h4y7xsRrpP59ZboCd0GpEVsOnMDYLMmKBpYhb5TgHzZXy7wTfYFBRw=="
    },
    "node_modules/ua-parser-js": {
      "version": "1.0.41",
      "resolved": "https://registry.npmjs.org/ua-parser-js/-/ua-parser-js-1.0.41.tgz",
      "integrity": "sha512-LbBDqdIC5s8iROCUjMbW1f5dJQTEFB1+KO9ogbvlb3nm9n4YHa5p4KTvFPWvh2Hs8gZMBuiB1/8+pdfe/tDPug==",
      "funding": [
        {
          "type": "opencollective",
          "url": "https://opencollective.com/ua-parser-js"
        },
        {
          "type": "paypal",
          "url": "https://paypal.me/faisalman"
        },
        {
          "type": "github",
          "url": "https://github.com/sponsors/faisalman"
        }
      ],
      "bin": {
        "ua-parser-js": "script/cli.js"
      },
      "engines": {
        "node": "*"
      }
    },
    "node_modules/valibot": {
      "version": "1.0.0",
      "resolved": "https://registry.npmjs.org/valibot/-/valibot-1.0.0.tgz",
      "integrity": "sha512-1Hc0ihzWxBar6NGeZv7fPLY0QuxFMyxwYR2sF1Blu7Wq7EnremwY2W02tit2ij2VJT8HcSkHAQqmFfl77f73Yw==",
      "peerDependencies": {
        "typescript": ">=5"
      },
      "peerDependenciesMeta": {
        "typescript": {
          "optional": true
        }
      }
    },
    "node_modules/webidl-conversions": {
      "version": "3.0.1",
      "resolved": "https://registry.npmjs.org/webidl-conversions/-/webidl-conversions-3.0.1.tgz",
      "integrity": "sha512-2JAn3z8AR6rjK8Sm8orRC0h/bcl/DqL7tRPdGZ4I1CjdF+EaMLmYxBHyXuKL849eucPFhvBoxMsflfOb8kxaeQ=="
    },
    "node_modules/whatwg-url": {
      "version": "5.0.0",
      "resolved": "https://registry.npmjs.org/whatwg-url/-/whatwg-url-5.0.0.tgz",
      "integrity": "sha512-saE57nupxk6v3HY35+jzBwYa0rKSy0XR8JSxZPwgLr7ys0IBzhGviA1/TUGJLmSVqs8pb9AnvICXEuOHLprYTw==",
      "dependencies": {
        "tr46": "~0.0.3",
        "webidl-conversions": "^3.0.0"
      }
    },
    "node_modules/zod": {
      "version": "3.25.76",
      "resolved": "https://registry.npmjs.org/zod/-/zod-3.25.76.tgz",
      "integrity": "sha512-gzUt/qt81nXsFGKIFcC3YnfEAx5NkunCfnDlvuBSSFS02bcXu4Lmea0AFIUwbLWxWPx3d9p8S5QoaujKcNQxcQ==",
      "funding": {
        "url": "https://github.com/sponsors/colinhacks"
      }
    }
  }
}
